dependencies:
- name: prometheus-operator
  repository: https://s3-eu-west-1.amazonaws.com/coreos-charts/stable/
  version: 0.0.15
- name: kube-prometheus
  repository: https://s3-eu-west-1.amazonaws.com/coreos-charts/stable/
  version: 0.0.29
digest: sha256:913477d0793c1b4f049a11418302db03be5aea3593d55280ce92a93f896464f1
generated: 2018-03-13T21:30:37.8071748-04:00
